
Microsoft Visual Studio Solution File, Format Version 12.00
# Visual Studio Version 16
VisualStudioVersion = 16.0.31727.386
MinimumVisualStudioVersion = 10.0.40219.1
Project("{9A19103F-16F7-4668-BE54-9A1E7A4F7556}") = "pract1", "pract1.csproj", "{783C684B-8FC8-48A2-8394-D99AA06F4424}"
EndProject
Project("{9A19103F-16F7-4668-BE54-9A1E7A4F7556}") = "pract1_2", "..\pract1_2\pract1_2.csproj", "{BF9C6D1B-5B3B-4B92-917B-9E1942261706}"
EndProject
Project("{9A19103F-16F7-4668-BE54-9A1E7A4F7556}") = "prac2", "..\prac2\prac2.csproj", "{C6DC7944-6D0A-406D-9EAB-7CDB60ED46CA}"
EndProject
Project("{9A19103F-16F7-4668-BE54-9A1E7A4F7556}") = "prac2_2", "..\prac2_2\prac2_2.csproj", "{AA393A2D-14EE-4487-9837-A65A2645A9F8}"
EndProject
Project("{FAE04EC0-301F-11D3-BF4B-00C04F79EFBC}") = "ViewFile", "..\ViewFile2_3\ViewFile.csproj", "{C1984214-B839-4C3D-ACCB-852B5B06E76F}"
EndProject
Global
	GlobalSection(SolutionConfigurationPlatforms) = preSolution
		Debug|Any CPU = Debug|Any CPU
		Release|Any CPU = Release|Any CPU
	EndGlobalSection
	GlobalSection(ProjectConfigurationPlatforms) = postSolution
		{783C684B-8FC8-48A2-8394-D99AA06F4424}.Debug|Any CPU.ActiveCfg = Debug|Any CPU
		{783C684B-8FC8-48A2-8394-D99AA06F4424}.Debug|Any CPU.Build.0 = Debug|Any CPU
		{783C684B-8FC8-48A2-8394-D99AA06F4424}.Release|Any CPU.ActiveCfg = Release|Any CPU
		{783C684B-8FC8-48A2-8394-D99AA06F4424}.Release|Any CPU.Build.0 = Release|Any CPU
		{BF9C6D1B-5B3B-4B92-917B-9E1942261706}.Debug|Any CPU.ActiveCfg = Debug|Any CPU
		{BF9C6D1B-5B3B-4B92-917B-9E1942261706}.Debug|Any CPU.Build.0 = Debug|Any CPU
		{BF9C6D1B-5B3B-4B92-917B-9E1942261706}.Release|Any CPU.ActiveCfg = Release|Any CPU
		{BF9C6D1B-5B3B-4B92-917B-9E1942261706}.Release|Any CPU.Build.0 = Release|Any CPU
		{C6DC7944-6D0A-406D-9EAB-7CDB60ED46CA}.Debug|Any CPU.ActiveCfg = Debug|Any CPU
		{C6DC7944-6D0A-406D-9EAB-7CDB60ED46CA}.Debug|Any CPU.Build.0 = Debug|Any CPU
		{C6DC7944-6D0A-406D-9EAB-7CDB60ED46CA}.Release|Any CPU.ActiveCfg = Release|Any CPU
		{C6DC7944-6D0A-406D-9EAB-7CDB60ED46CA}.Release|Any CPU.Build.0 = Release|Any CPU
		{AA393A2D-14EE-4487-9837-A65A2645A9F8}.Debug|Any CPU.ActiveCfg = Debug|Any CPU
		{AA393A2D-14EE-4487-9837-A65A2645A9F8}.Debug|Any CPU.Build.0 = Debug|Any CPU
		{AA393A2D-14EE-4487-9837-A65A2645A9F8}.Release|Any CPU.ActiveCfg = Release|Any CPU
		{AA393A2D-14EE-4487-9837-A65A2645A9F8}.Release|Any CPU.Build.0 = Release|Any CPU
		{C1984214-B839-4C3D-ACCB-852B5B06E76F}.Debug|Any CPU.ActiveCfg = Debug|Any CPU
		{C1984214-B839-4C3D-ACCB-852B5B06E76F}.Debug|Any CPU.Build.0 = Debug|Any CPU
		{C1984214-B839-4C3D-ACCB-852B5B06E76F}.Release|Any CPU.ActiveCfg = Release|Any CPU
		{C1984214-B839-4C3D-ACCB-852B5B06E76F}.Release|Any CPU.Build.0 = Release|Any CPU
	EndGlobalSection
	GlobalSection(SolutionProperties) = preSolution
		HideSolutionNode = FALSE
	EndGlobalSection
	GlobalSection(ExtensibilityGlobals) = postSolution
		SolutionGuid = {63398113-291D-465A-8560-DA8C95210692}
	EndGlobalSection
EndGlobal
